
Microsoft Visual Studio Solution File, Format Version 12.00
# Visual Studio 15
VisualStudioVersion = 15.0.27703.2042
MinimumVisualStudioVersion = 10.0.40219.1
Project("{9A19103F-16F7-4668-BE54-9A1E7A4F7556}") = "CCore-DarkRift", "Senary\CCore-DarkRift.csproj", "{198C1A03-6A54-493E-91C5-B1A40C019762}"
EndProject
Global
	GlobalSection(SolutionConfigurationPlatforms) = preSolution
		Debug|Any CPU = Debug|Any CPU
		Release|Any CPU = Release|Any CPU
	EndGlobalSection
	GlobalSection(ProjectConfigurationPlatforms) = postSolution
		{198C1A03-6A54-493E-91C5-B1A40C019762}.Debug|Any CPU.ActiveCfg = Debug|Any CPU
		{198C1A03-6A54-493E-91C5-B1A40C019762}.Debug|Any CPU.Build.0 = Debug|Any CPU
		{198C1A03-6A54-493E-91C5-B1A40C019762}.Release|Any CPU.ActiveCfg = Release|Any CPU
		{198C1A03-6A54-493E-91C5-B1A40C019762}.Release|Any CPU.Build.0 = Release|Any CPU
	EndGlobalSection
	GlobalSection(SolutionProperties) = preSolution
		HideSolutionNode = FALSE
	EndGlobalSection
	GlobalSection(ExtensibilityGlobals) = postSolution
		SolutionGuid = {6C0AF8C5-49EC-4F32-8AA1-5048356F5913}
	EndGlobalSection
EndGlobal
