
Microsoft Visual Studio Solution File, Format Version 12.00
# Visual Studio 15
VisualStudioVersion = 15.0.28010.2016
MinimumVisualStudioVersion = 10.0.40219.1
Project("{9A19103F-16F7-4668-BE54-9A1E7A4F7556}") = "CCore-DarkRift", "CCore-DarkRift.csproj", "{425E76A7-45E6-4F33-9C89-CC5E86A4A416}"
EndProject
Global
	GlobalSection(SolutionConfigurationPlatforms) = preSolution
		Debug|Any CPU = Debug|Any CPU
		Release|Any CPU = Release|Any CPU
	EndGlobalSection
	GlobalSection(ProjectConfigurationPlatforms) = postSolution
		{425E76A7-45E6-4F33-9C89-CC5E86A4A416}.Debug|Any CPU.ActiveCfg = Debug|Any CPU
		{425E76A7-45E6-4F33-9C89-CC5E86A4A416}.Debug|Any CPU.Build.0 = Debug|Any CPU
		{425E76A7-45E6-4F33-9C89-CC5E86A4A416}.Release|Any CPU.ActiveCfg = Release|Any CPU
		{425E76A7-45E6-4F33-9C89-CC5E86A4A416}.Release|Any CPU.Build.0 = Release|Any CPU
	EndGlobalSection
	GlobalSection(SolutionProperties) = preSolution
		HideSolutionNode = FALSE
	EndGlobalSection
	GlobalSection(ExtensibilityGlobals) = postSolution
		SolutionGuid = {C2B5508B-2F51-4952-A6FC-E7440BF8DDC6}
	EndGlobalSection
EndGlobal
